github.com/golang-jwt/jwt/v5 v5.3.1 h1:kYf81DTWFe7t+1VvL7eS+jKFVWaUnK9cB1qbwn63YCY=
github.com/golang-jwt/jwt/v5 v5.3.1/go.mod h1:fxCRLWMO43lRc8nhHWY6LGqRcf+1gQWArsqaEUEa5bE=
github.com/x64c/gwf/auth/jwtassert v0.17.0 h1:M5uqe52r3eBGcsQxEukyJuSB5acQPm+ttz0iYHGgbL8=
github.com/x64c/gwf/auth/jwtassert v0.17.0/go.mod h1:NRN6nKy7n2qdTOFrkyhk5woAC7ttg1Ip/RL3f8VY2Jg=
github.com/x64c/gwf/gw v0.17.0 h1:3paXPPimFY7BP+otG5t41KpIx4kXfd2b+nYOcNcAyMA=
github.com/x64c/gwf/gw v0.17.0/go.mod h1:VXPrvLtAkdP7WOUqu0SyVwyMYbcgaBRpVaKcUaOxm5U=
golang.org/x/crypto v0.57.0 h1:3ZVCjf8Ggz7zneR/EHRVx68Ctf+2pmIMP2UFhh9cC6M=
golang.org/x/crypto v0.57.0/go.mod h1:Fdz0i5U6CoizGwLda9DttjSk6qlZo25zYNtR+ycvuZA=
golang.org/x/sys v0.48.0 h1:bbX/i/6MgT9BVLM9RT1thmxL04yeTAhbEz4SyadbXoo=
golang.org/x/sys v0.48.0/go.mod h1:hNLxWAXmnKAxqDtdwIYC4bM9oQPEecfsnNMuSxOs3og=
